
Microsoft Visual Studio Solution File, Format Version 12.00
# Visual Studio Version 17
VisualStudioVersion = 17.14.36705.20 d17.14
MinimumVisualStudioVersion = 10.0.40219.1
Project("{FAE04EC0-301F-11D3-BF4B-00C04F79EFBC}") = "MerceariaMVC", "MerceariaMVC\MerceariaMVC.csproj", "{2CA46D95-1170-4EAF-966A-545C9FE9E9F0}"
EndProject
Project("{FAE04EC0-301F-11D3-BF4B-00C04F79EFBC}") = "MerceariaMVCTests", "MerceariaMVCTests\MerceariaMVCTests.csproj", "{536667F6-5B42-4A36-9F8A-C0050AD1DA6C}"
EndProject
Global
	GlobalSection(SolutionConfigurationPlatforms) = preSolution
		Debug|Any CPU = Debug|Any CPU
		Release|Any CPU = Release|Any CPU
	EndGlobalSection
	GlobalSection(ProjectConfigurationPlatforms) = postSolution
		{2CA46D95-1170-4EAF-966A-545C9FE9E9F0}.Debug|Any CPU.ActiveCfg = Debug|Any CPU
		{2CA46D95-1170-4EAF-966A-545C9FE9E9F0}.Debug|Any CPU.Build.0 = Debug|Any CPU
		{2CA46D95-1170-4EAF-966A-545C9FE9E9F0}.Release|Any CPU.ActiveCfg = Release|Any CPU
		{2CA46D95-1170-4EAF-966A-545C9FE9E9F0}.Release|Any CPU.Build.0 = Release|Any CPU
		{536667F6-5B42-4A36-9F8A-C0050AD1DA6C}.Debug|Any CPU.ActiveCfg = Debug|Any CPU
		{536667F6-5B42-4A36-9F8A-C0050AD1DA6C}.Debug|Any CPU.Build.0 = Debug|Any CPU
		{536667F6-5B42-4A36-9F8A-C0050AD1DA6C}.Release|Any CPU.ActiveCfg = Release|Any CPU
		{536667F6-5B42-4A36-9F8A-C0050AD1DA6C}.Release|Any CPU.Build.0 = Release|Any CPU
	EndGlobalSection
	GlobalSection(SolutionProperties) = preSolution
		HideSolutionNode = FALSE
	EndGlobalSection
	GlobalSection(ExtensibilityGlobals) = postSolution
		SolutionGuid = {99663F9B-D54D-45BA-9D7A-E13E030C3631}
	EndGlobalSection
EndGlobal
